// !$*UTF8*$!
{
	archiveVersion = 1;
	classes = {
	};
	objectVersion = 51;
	objects = {

/* Begin PBXBuildFile section */
		D7C1FF5EF34919BD6101764C /* Pods_MyPlaces.framework in Frameworks */ = {isa = PBXBuildFile; fileRef = 3350B7F4A195AEF35181FFDC /* Pods_MyPlaces.framework */; };
		E00DBC9125CDE87400C03483 /* RatingControl.swift in Sources */ = {isa = PBXBuildFile; fileRef = E00DBC9025CDE87400C03483 /* RatingControl.swift */; };
		E05F33AF2552EBA8005BA694 /* PlaceModel.swift in Sources */ = {isa = PBXBuildFile; fileRef = E05F33AE2552EBA8005BA694 /* PlaceModel.swift */; };
		E05F33B4255307B1005BA694 /* NewPlaceViewController.swift in Sources */ = {isa = PBXBuildFile; fileRef = E05F33B3255307B1005BA694 /* NewPlaceViewController.swift */; };
		E0CE48322551E0AF003D8EFD /* AppDelegate.swift in Sources */ = {isa = PBXBuildFile; fileRef = E0CE48312551E0AF003D8EFD /* AppDelegate.swift */; };
		E0CE48342551E0AF003D8EFD /* SceneDelegate.swift in Sources */ = {isa = PBXBuildFile; fileRef = E0CE48332551E0AF003D8EFD /* SceneDelegate.swift */; };
		E0CE48392551E0AF003D8EFD /* Main.storyboard in Resources */ = {isa = PBXBuildFile; fileRef = E0CE48372551E0AF003D8EFD /* Main.storyboard */; };
		E0CE483B2551E0B0003D8EFD /* Assets.xcassets in Resources */ = {isa = PBXBuildFile; fileRef = E0CE483A2551E0B0003D8EFD /* Assets.xcassets */; };
		E0CE483E2551E0B0003D8EFD /* LaunchScreen.storyboard in Resources */ = {isa = PBXBuildFile; fileRef = E0CE483C2551E0B0003D8EFD /* LaunchScreen.storyboard */; };
		E0CE485325521AA9003D8EFD /* MainViewController.swift in Sources */ = {isa = PBXBuildFile; fileRef = E0CE485225521AA9003D8EFD /* MainViewController.swift */; };
		E0D877CD25565DE000373D28 /* Storage Manager.swift in Sources */ = {isa = PBXBuildFile; fileRef = E0D877CC25565DE000373D28 /* Storage Manager.swift */; };
		E0F08DDB25CE24EA00ED562E /* RatingOnTable.swift in Sources */ = {isa = PBXBuildFile; fileRef = E0F08DDA25CE24EA00ED562E /* RatingOnTable.swift */; };
		E0F08DDF25CE2BEA00ED562E /* MapViewController.swift in Sources */ = {isa = PBXBuildFile; fileRef = E0F08DDE25CE2BEA00ED562E /* MapViewController.swift */; };
		E0F8563A255238A6007AF859 /* Cell.swift in Sources */ = {isa = PBXBuildFile; fileRef = E0F85639255238A6007AF859 /* Cell.swift */; };
/* End PBXBuildFile section */

/* Begin PBXFileReference section */
		1F7B412FF868FFD809133EE7 /* Pods-MyPlaces.debug.xcconfig */ = {isa = PBXFileReference; includeInIndex = 1; lastKnownFileType = text.xcconfig; name = "Pods-MyPlaces.debug.xcconfig"; path = "Target Support Files/Pods-MyPlaces/Pods-MyPlaces.debug.xcconfig"; sourceTree = "<group>"; };
		3350B7F4A195AEF35181FFDC /* Pods_MyPlaces.framework */ = {isa = PBXFileReference; explicitFileType = wrapper.framework; includeInIndex = 0; path = Pods_MyPlaces.framework; sourceTree = BUILT_PRODUCTS_DIR; };
		6279688FAD1836340C82782B /* Pods-MyPlaces.release.xcconfig */ = {isa = PBXFileReference; includeInIndex = 1; lastKnownFileType = text.xcconfig; name = "Pods-MyPlaces.release.xcconfig"; path = "Target Support Files/Pods-MyPlaces/Pods-MyPlaces.release.xcconfig"; sourceTree = "<group>"; };
		E00DBC9025CDE87400C03483 /* RatingControl.swift */ = {isa = PBXFileReference; lastKnownFileType = sourcecode.swift; path = RatingControl.swift; sourceTree = "<group>"; };
		E05F33AE2552EBA8005BA694 /* PlaceModel.swift */ = {isa = PBXFileReference; lastKnownFileType = sourcecode.swift; path = PlaceModel.swift; sourceTree = "<group>"; };
		E05F33B3255307B1005BA694 /* NewPlaceViewController.swift */ = {isa = PBXFileReference; lastKnownFileType = sourcecode.swift; path = NewPlaceViewController.swift; sourceTree = "<group>"; };
		E0CE482E2551E0AF003D8EFD /* MyPlaces.app */ = {isa = PBXFileReference; explicitFileType = wrapper.application; includeInIndex = 0; path = MyPlaces.app; sourceTree = BUILT_PRODUCTS_DIR; };
		E0CE48312551E0AF003D8EFD /* AppDelegate.swift */ = {isa = PBXFileReference; lastKnownFileType = sourcecode.swift; path = AppDelegate.swift; sourceTree = "<group>"; };
		E0CE48332551E0AF003D8EFD /* SceneDelegate.swift */ = {isa = PBXFileReference; lastKnownFileType = sourcecode.swift; path = SceneDelegate.swift; sourceTree = "<group>"; };
		E0CE48382551E0AF003D8EFD /* Base */ = {isa = PBXFileReference; lastKnownFileType = file.storyboard; name = Base; path = Base.lproj/Main.storyboard; sourceTree = "<group>"; };
		E0CE483A2551E0B0003D8EFD /* Assets.xcassets */ = {isa = PBXFileReference; lastKnownFileType = folder.assetcatalog; path = Assets.xcassets; sourceTree = "<group>"; };
		E0CE483D2551E0B0003D8EFD /* Base */ = {isa = PBXFileReference; lastKnownFileType = file.storyboard; name = Base; path = Base.lproj/LaunchScreen.storyboard; sourceTree = "<group>"; };
		E0CE483F2551E0B0003D8EFD /* Info.plist */ = {isa = PBXFileReference; lastKnownFileType = text.plist.xml; path = Info.plist; sourceTree = "<group>"; };
		E0CE485225521AA9003D8EFD /* MainViewController.swift */ = {isa = PBXFileReference; lastKnownFileType = sourcecode.swift; path = MainViewController.swift; sourceTree = "<group>"; };
		E0D877CC25565DE000373D28 /* Storage Manager.swift */ = {isa = PBXFileReference; lastKnownFileType = sourcecode.swift; path = "Storage Manager.swift"; sourceTree = "<group>"; };
		E0F08DDA25CE24EA00ED562E /* RatingOnTable.swift */ = {isa = PBXFileReference; lastKnownFileType = sourcecode.swift; path = RatingOnTable.swift; sourceTree = "<group>"; };
		E0F08DDE25CE2BEA00ED562E /* MapViewController.swift */ = {isa = PBXFileReference; lastKnownFileType = sourcecode.swift; path = MapViewController.swift; sourceTree = "<group>"; };
		E0F85639255238A6007AF859 /* Cell.swift */ = {isa = PBXFileReference; lastKnownFileType = sourcecode.swift; path = Cell.swift; sourceTree = "<group>"; };
/* End PBXFileReference section */

/* Begin PBXFrameworksBuildPhase section */
		E0CE482B2551E0AF003D8EFD /* Frameworks */ = {
			isa = PBXFrameworksBuildPhase;
			buildActionMask = 2147483647;
			files = (
				D7C1FF5EF34919BD6101764C /* Pods_MyPlaces.framework in Frameworks */,
			);
			runOnlyForDeploymentPostprocessing = 0;
		};
/* End PBXFrameworksBuildPhase section */

/* Begin PBXGroup section */
		003A270D021F4FDF58FA9A77 /* Pods */ = {
			isa = PBXGroup;
			children = (
				1F7B412FF868FFD809133EE7 /* Pods-MyPlaces.debug.xcconfig */,
				6279688FAD1836340C82782B /* Pods-MyPlaces.release.xcconfig */,
			);
			path = Pods;
			sourceTree = "<group>";
		};
		42FD6BF734D4089D640DBA29 /* Frameworks */ = {
			isa = PBXGroup;
			children = (
				3350B7F4A195AEF35181FFDC /* Pods_MyPlaces.framework */,
			);
			name = Frameworks;
			sourceTree = "<group>";
		};
		E00DBC9325CDE88100C03483 /* Rating */ = {
			isa = PBXGroup;
			children = (
				E0F08DDA25CE24EA00ED562E /* RatingOnTable.swift */,
				E00DBC9025CDE87400C03483 /* RatingControl.swift */,
			);
			path = Rating;
			sourceTree = "<group>";
		};
		E05F33A92552EA97005BA694 /* Main Screen */ = {
			isa = PBXGroup;
			children = (
				E0CE485225521AA9003D8EFD /* MainViewController.swift */,
				E0F85639255238A6007AF859 /* Cell.swift */,
			);
			path = "Main Screen";
			sourceTree = "<group>";
		};
		E05F33B225530780005BA694 /* Add Screen */ = {
			isa = PBXGroup;
			children = (
				E05F33B3255307B1005BA694 /* NewPlaceViewController.swift */,
			);
			path = "Add Screen";
			sourceTree = "<group>";
		};
		E0CE48252551E0AF003D8EFD = {
			isa = PBXGroup;
			children = (
				E0CE48302551E0AF003D8EFD /* MyPlaces */,
				E0CE482F2551E0AF003D8EFD /* Products */,
				003A270D021F4FDF58FA9A77 /* Pods */,
				42FD6BF734D4089D640DBA29 /* Frameworks */,
			);
			sourceTree = "<group>";
		};
		E0CE482F2551E0AF003D8EFD /* Products */ = {
			isa = PBXGroup;
			children = (
				E0CE482E2551E0AF003D8EFD /* MyPlaces.app */,
			);
			name = Products;
			sourceTree = "<group>";
		};
		E0CE48302551E0AF003D8EFD /* MyPlaces */ = {
			isa = PBXGroup;
			children = (
				E0CE48312551E0AF003D8EFD /* AppDelegate.swift */,
				E0CE48332551E0AF003D8EFD /* SceneDelegate.swift */,
				E05F33A92552EA97005BA694 /* Main Screen */,
				E05F33B225530780005BA694 /* Add Screen */,
				E0D877C925565DAA00373D28 /* Data Model */,
				E0F08DE125CE2BF200ED562E /* Map */,
				E00DBC9325CDE88100C03483 /* Rating */,
				E0CE48372551E0AF003D8EFD /* Main.storyboard */,
				E0CE483A2551E0B0003D8EFD /* Assets.xcassets */,
				E0CE483C2551E0B0003D8EFD /* LaunchScreen.storyboard */,
				E0CE483F2551E0B0003D8EFD /* Info.plist */,
			);
			path = MyPlaces;
			sourceTree = "<group>";
		};
		E0D877C925565DAA00373D28 /* Data Model */ = {
			isa = PBXGroup;
			children = (
				E05F33AE2552EBA8005BA694 /* PlaceModel.swift */,
				E0D877CC25565DE000373D28 /* Storage Manager.swift */,
			);
			path = "Data Model";
			sourceTree = "<group>";
		};
		E0F08DE125CE2BF200ED562E /* Map */ = {
			isa = PBXGroup;
			children = (
				E0F08DDE25CE2BEA00ED562E /* MapViewController.swift */,
			);
			path = Map;
			sourceTree = "<group>";
		};
/* End PBXGroup section */

/* Begin PBXNativeTarget section */
		E0CE482D2551E0AF003D8EFD /* MyPlaces */ = {
			isa = PBXNativeTarget;
			buildConfigurationList = E0CE48422551E0B0003D8EFD /* Build configuration list for PBXNativeTarget "MyPlaces" */;
			buildPhases = (
				72F5A16D678DEE533BA24C35 /* [CP] Check Pods Manifest.lock */,
				E0CE482A2551E0AF003D8EFD /* Sources */,
				E0CE482B2551E0AF003D8EFD /* Frameworks */,
				E0CE482C2551E0AF003D8EFD /* Resources */,
				526AC8E555B6AD35CB658C0B /* [CP] Embed Pods Frameworks */,
			);
			buildRules = (
			);
			dependencies = (
			);
			name = MyPlaces;
			productName = MyPlaces;
			productReference = E0CE482E2551E0AF003D8EFD /* MyPlaces.app */;
			productType = "com.apple.product-type.application";
		};
/* End PBXNativeTarget section */

/* Begin PBXProject section */
		E0CE48262551E0AF003D8EFD /* Project object */ = {
			isa = PBXProject;
			attributes = {
				LastSwiftUpdateCheck = 1210;
				LastUpgradeCheck = 1210;
				TargetAttributes = {
					E0CE482D2551E0AF003D8EFD = {
						CreatedOnToolsVersion = 12.1;
					};
				};
			};
			buildConfigurationList = E0CE48292551E0AF003D8EFD /* Build configuration list for PBXProject "MyPlaces" */;
			compatibilityVersion = "Xcode 9.3";
			developmentRegion = en;
			hasScannedForEncodings = 0;
			knownRegions = (
				en,
				Base,
			);
			mainGroup = E0CE48252551E0AF003D8EFD;
			productRefGroup = E0CE482F2551E0AF003D8EFD /* Products */;
			projectDirPath = "";
			projectRoot = "";
			targets = (
				E0CE482D2551E0AF003D8EFD /* MyPlaces */,
			);
		};
/* End PBXProject section */

/* Begin PBXResourcesBuildPhase section */
		E0CE482C2551E0AF003D8EFD /* Resources */ = {
			isa = PBXResourcesBuildPhase;
			buildActionMask = 2147483647;
			files = (
				E0CE483E2551E0B0003D8EFD /* LaunchScreen.storyboard in Resources */,
				E0CE483B2551E0B0003D8EFD /* Assets.xcassets in Resources */,
				E0CE48392551E0AF003D8EFD /* Main.storyboard in Resources */,
			);
			runOnlyForDeploymentPostprocessing = 0;
		};
/* End PBXResourcesBuildPhase section */

/* Begin PBXShellScriptBuildPhase section */
		526AC8E555B6AD35CB658C0B /* [CP] Embed Pods Frameworks */ = {
			isa = PBXShellScriptBuildPhase;
			buildActionMask = 2147483647;
			files = (
			);
			inputFileListPaths = (
				"${PODS_ROOT}/Target Support Files/Pods-MyPlaces/Pods-MyPlaces-frameworks-${CONFIGURATION}-input-files.xcfilelist",
			);
			name = "[CP] Embed Pods Frameworks";
			outputFileListPaths = (
				"${PODS_ROOT}/Target Support Files/Pods-MyPlaces/Pods-MyPlaces-frameworks-${CONFIGURATION}-output-files.xcfilelist",
			);
			runOnlyForDeploymentPostprocessing = 0;
			shellPath = /bin/sh;
			shellScript = "\"${PODS_ROOT}/Target Support Files/Pods-MyPlaces/Pods-MyPlaces-frameworks.sh\"\n";
			showEnvVarsInLog = 0;
		};
		72F5A16D678DEE533BA24C35 /* [CP] Check Pods Manifest.lock */ = {
			isa = PBXShellScriptBuildPhase;
			buildActionMask = 2147483647;
			files = (
			);
			inputFileListPaths = (
			);
			inputPaths = (
				"${PODS_PODFILE_DIR_PATH}/Podfile.lock",
				"${PODS_ROOT}/Manifest.lock",
			);
			name = "[CP] Check Pods Manifest.lock";
			outputFileListPaths = (
			);
			outputPaths = (
				"$(DERIVED_FILE_DIR)/Pods-MyPlaces-checkManifestLockResult.txt",
			);
			runOnlyForDeploymentPostprocessing = 0;
			shellPath = /bin/sh;
			shellScript = "diff \"${PODS_PODFILE_DIR_PATH}/Podfile.lock\" \"${PODS_ROOT}/Manifest.lock\" > /dev/null\nif [ $? != 0 ] ; then\n    # print error to STDERR\n    echo \"error: The sandbox is not in sync with the Podfile.lock. Run 'pod install' or update your CocoaPods installation.\" >&2\n    exit 1\nfi\n# This output is used by Xcode 'outputs' to avoid re-running this script phase.\necho \"SUCCESS\" > \"${SCRIPT_OUTPUT_FILE_0}\"\n";
			showEnvVarsInLog = 0;
		};
/* End PBXShellScriptBuildPhase section */

/* Begin PBXSourcesBuildPhase section */
		E0CE482A2551E0AF003D8EFD /* Sources */ = {
			isa = PBXSourcesBuildPhase;
			buildActionMask = 2147483647;
			files = (
				E0CE485325521AA9003D8EFD /* MainViewController.swift in Sources */,
				E0D877CD25565DE000373D28 /* Storage Manager.swift in Sources */,
				E0F08DDB25CE24EA00ED562E /* RatingOnTable.swift in Sources */,
				E0F08DDF25CE2BEA00ED562E /* MapViewController.swift in Sources */,
				E05F33B4255307B1005BA694 /* NewPlaceViewController.swift in Sources */,
				E0F8563A255238A6007AF859 /* Cell.swift in Sources */,
				E00DBC9125CDE87400C03483 /* RatingControl.swift in Sources */,
				E05F33AF2552EBA8005BA694 /* PlaceModel.swift in Sources */,
				E0CE48322551E0AF003D8EFD /* AppDelegate.swift in Sources */,
				E0CE48342551E0AF003D8EFD /* SceneDelegate.swift in Sources */,
			);
			runOnlyForDeploymentPostprocessing = 0;
		};
/* End PBXSourcesBuildPhase section */

/* Begin PBXVariantGroup section */
		E0CE48372551E0AF003D8EFD /* Main.storyboard */ = {
			isa = PBXVariantGroup;
			children = (
				E0CE48382551E0AF003D8EFD /* Base */,
			);
			name = Main.storyboard;
			sourceTree = "<group>";
		};
		E0CE483C2551E0B0003D8EFD /* LaunchScreen.storyboard */ = {
			isa = PBXVariantGroup;
			children = (
				E0CE483D2551E0B0003D8EFD /* Base */,
			);
			name = LaunchScreen.storyboard;
			sourceTree = "<group>";
		};
/* End PBXVariantGroup section */

/* Begin XCBuildConfiguration section */
		E0CE48402551E0B0003D8EFD /* Debug */ = {
			isa = XCBuildConfiguration;
			buildSettings = {
				ALWAYS_SEARCH_USER_PATHS = NO;
				CLANG_ANALYZER_NONNULL = YES;
				CLANG_ANALYZER_NUMBER_OBJECT_CONVERSION = YES_AGGRESSIVE;
				CLANG_CXX_LANGUAGE_STANDARD = "gnu++14";
				CLANG_CXX_LIBRARY = "libc++";
				CLANG_ENABLE_MODULES = YES;
				CLANG_ENABLE_OBJC_ARC = YES;
				CLANG_ENABLE_OBJC_WEAK = YES;
				CLANG_WARN_BLOCK_CAPTURE_AUTORELEASING = YES;
				CLANG_WARN_BOOL_CONVERSION = YES;
				CLANG_WARN_COMMA = YES;
				CLANG_WARN_CONSTANT_CONVERSION = YES;
				CLANG_WARN_DEPRECATED_OBJC_IMPLEMENTATIONS = YES;
				CLANG_WARN_DIRECT_OBJC_ISA_USAGE = YES_ERROR;
				CLANG_WARN_DOCUMENTATION_COMMENTS = YES;
				CLANG_WARN_EMPTY_BODY = YES;
				CLANG_WARN_ENUM_CONVERSION = YES;
				CLANG_WARN_INFINITE_RECURSION = YES;
				CLANG_WARN_INT_CONVERSION = YES;
				CLANG_WARN_NON_LITERAL_NULL_CONVERSION = YES;
				CLANG_WARN_OBJC_IMPLICIT_RETAIN_SELF = YES;
				CLANG_WARN_OBJC_LITERAL_CONVERSION = YES;
				CLANG_WARN_OBJC_ROOT_CLASS = YES_ERROR;
				CLANG_WARN_QUOTED_INCLUDE_IN_FRAMEWORK_HEADER = YES;
				CLANG_WARN_RANGE_LOOP_ANALYSIS = YES;
				CLANG_WARN_STRICT_PROTOTYPES = YES;
				CLANG_WARN_SUSPICIOUS_MOVE = YES;
				CLANG_WARN_UNGUARDED_AVAILABILITY = YES_AGGRESSIVE;
				CLANG_WARN_UNREACHABLE_CODE = YES;
				CLANG_WARN__DUPLICATE_METHOD_MATCH = YES;
				COPY_PHASE_STRIP = NO;
				DEBUG_INFORMATION_FORMAT = dwarf;
				ENABLE_STRICT_OBJC_MSGSEND = YES;
				ENABLE_TESTABILITY = YES;
				GCC_C_LANGUAGE_STANDARD = gnu11;
				GCC_DYNAMIC_NO_PIC = NO;
				GCC_NO_COMMON_BLOCKS = YES;
				GCC_OPTIMIZATION_LEVEL = 0;
				GCC_PREPROCESSOR_DEFINITIONS = (
					"DEBUG=1",
					"$(inherited)",
				);
				GCC_WARN_64_TO_32_BIT_CONVERSION = YES;
				GCC_WARN_ABOUT_RETURN_TYPE = YES_ERROR;
				GCC_WARN_UNDECLARED_SELECTOR = YES;
				GCC_WARN_UNINITIALIZED_AUTOS = YES_AGGRESSIVE;
				GCC_WARN_UNUSED_FUNCTION = YES;
				GCC_WARN_UNUSED_VARIABLE = YES;
				IPHONEOS_DEPLOYMENT_TARGET = 14.1;
				MTL_ENABLE_DEBUG_INFO = INCLUDE_SOURCE;
				MTL_FAST_MATH = YES;
				ONLY_ACTIVE_ARCH = YES;
				SDKROOT = iphoneos;
				SWIFT_ACTIVE_COMPILATION_CONDITIONS = DEBUG;
				SWIFT_OPTIMIZATION_LEVEL = "-Onone";
			};
			name = Debug;
		};
		E0CE48412551E0B0003D8EFD /* Release */ = {
			isa = XCBuildConfiguration;
			buildSettings = {
				ALWAYS_SEARCH_USER_PATHS = NO;
				CLANG_ANALYZER_NONNULL = YES;
				CLANG_ANALYZER_NUMBER_OBJECT_CONVERSION = YES_AGGRESSIVE;
				CLANG_CXX_LANGUAGE_STANDARD = "gnu++14";
				CLANG_CXX_LIBRARY = "libc++";
				CLANG_ENABLE_MODULES = YES;
				CLANG_ENABLE_OBJC_ARC = YES;
				CLANG_ENABLE_OBJC_WEAK = YES;
				CLANG_WARN_BLOCK_CAPTURE_AUTORELEASING = YES;
				CLANG_WARN_BOOL_CONVERSION = YES;
				CLANG_WARN_COMMA = YES;
				CLANG_WARN_CONSTANT_CONVERSION = YES;
				CLANG_WARN_DEPRECATED_OBJC_IMPLEMENTATIONS = YES;
				CLANG_WARN_DIRECT_OBJC_ISA_USAGE = YES_ERROR;
				CLANG_WARN_DOCUMENTATION_COMMENTS = YES;
				CLANG_WARN_EMPTY_BODY = YES;
				CLANG_WARN_ENUM_CONVERSION = YES;
				CLANG_WARN_INFINITE_RECURSION = YES;
				CLANG_WARN_INT_CONVERSION = YES;
				CLANG_WARN_NON_LITERAL_NULL_CONVERSION = YES;
				CLANG_WARN_OBJC_IMPLICIT_RETAIN_SELF = YES;
				CLANG_WARN_OBJC_LITERAL_CONVERSION = YES;
				CLANG_WARN_OBJC_ROOT_CLASS = YES_ERROR;
				CLANG_WARN_QUOTED_INCLUDE_IN_FRAMEWORK_HEADER = YES;
				CLANG_WARN_RANGE_LOOP_ANALYSIS = YES;
				CLANG_WARN_STRICT_PROTOTYPES = YES;
				CLANG_WARN_SUSPICIOUS_MOVE = YES;
				CLANG_WARN_UNGUARDED_AVAILABILITY = YES_AGGRESSIVE;
				CLANG_WARN_UNREACHABLE_CODE = YES;
				CLANG_WARN__DUPLICATE_METHOD_MATCH = YES;
				COPY_PHASE_STRIP = NO;
				DEBUG_INFORMATION_FORMAT = "dwarf-with-dsym";
				ENABLE_NS_ASSERTIONS = NO;
				ENABLE_STRICT_OBJC_MSGSEND = YES;
				GCC_C_LANGUAGE_STANDARD = gnu11;
				GCC_NO_COMMON_BLOCKS = YES;
				GCC_WARN_64_TO_32_BIT_CONVERSION = YES;
				GCC_WARN_ABOUT_RETURN_TYPE = YES_ERROR;
				GCC_WARN_UNDECLARED_SELECTOR = YES;
				GCC_WARN_UNINITIALIZED_AUTOS = YES_AGGRESSIVE;
				GCC_WARN_UNUSED_FUNCTION = YES;
				GCC_WARN_UNUSED_VARIABLE = YES;
				IPHONEOS_DEPLOYMENT_TARGET = 14.1;
				MTL_ENABLE_DEBUG_INFO = NO;
				MTL_FAST_MATH = YES;
				SDKROOT = iphoneos;
				SWIFT_COMPILATION_MODE = wholemodule;
				SWIFT_OPTIMIZATION_LEVEL = "-O";
				VALIDATE_PRODUCT = YES;
			};
			name = Release;
		};
		E0CE48432551E0B0003D8EFD /* Debug */ = {
			isa = XCBuildConfiguration;
			baseConfigurationReference = 1F7B412FF868FFD809133EE7 /* Pods-MyPlaces.debug.xcconfig */;
			buildSettings = {
				ASSETCATALOG_COMPILER_APPICON_NAME = AppIcon;
				ASSETCATALOG_COMPILER_GLOBAL_ACCENT_COLOR_NAME = AccentColor;
				CODE_SIGN_STYLE = Automatic;
				DEVELOPMENT_TEAM = VWW7MQ2767;
				INFOPLIST_FILE = MyPlaces/Info.plist;
				LD_RUNPATH_SEARCH_PATHS = (
					"$(inherited)",
					"@executable_path/Frameworks",
				);
				PRODUCT_BUNDLE_IDENTIFIER = com.hutr0.MyPlaces;
				PRODUCT_NAME = "$(TARGET_NAME)";
				SWIFT_VERSION = 5.0;
				TARGETED_DEVICE_FAMILY = "1,2";
			};
			name = Debug;
		};
		E0CE48442551E0B0003D8EFD /* Release */ = {
			isa = XCBuildConfiguration;
			baseConfigurationReference = 6279688FAD1836340C82782B /* Pods-MyPlaces.release.xcconfig */;
			buildSettings = {
				ASSETCATALOG_COMPILER_APPICON_NAME = AppIcon;
				ASSETCATALOG_COMPILER_GLOBAL_ACCENT_COLOR_NAME = AccentColor;
				CODE_SIGN_STYLE = Automatic;
				DEVELOPMENT_TEAM = VWW7MQ2767;
				INFOPLIST_FILE = MyPlaces/Info.plist;
				LD_RUNPATH_SEARCH_PATHS = (
					"$(inherited)",
					"@executable_path/Frameworks",
				);
				PRODUCT_BUNDLE_IDENTIFIER = com.hutr0.MyPlaces;
				PRODUCT_NAME = "$(TARGET_NAME)";
				SWIFT_VERSION = 5.0;
				TARGETED_DEVICE_FAMILY = "1,2";
			};
			name = Release;
		};
/* End XCBuildConfiguration section */

/* Begin XCConfigurationList section */
		E0CE48292551E0AF003D8EFD /* Build configuration list for PBXProject "MyPlaces" */ = {
			isa = XCConfigurationList;
			buildConfigurations = (
				E0CE48402551E0B0003D8EFD /* Debug */,
				E0CE48412551E0B0003D8EFD /* Release */,
			);
			defaultConfigurationIsVisible = 0;
			defaultConfigurationName = Release;
		};
		E0CE48422551E0B0003D8EFD /* Build configuration list for PBXNativeTarget "MyPlaces" */ = {
			isa = XCConfigurationList;
			buildConfigurations = (
				E0CE48432551E0B0003D8EFD /* Debug */,
				E0CE48442551E0B0003D8EFD /* Release */,
			);
			defaultConfigurationIsVisible = 0;
			defaultConfigurationName = Release;
		};
/* End XCConfigurationList section */
	};
	rootObject = E0CE48262551E0AF003D8EFD /* Project object */;
}
